
Microsoft Visual Studio Solution File, Format Version 12.00
# Visual Studio Version 17
VisualStudioVersion = 17.4.33122.133
MinimumVisualStudioVersion = 10.0.40219.1
Project("{FAE04EC0-301F-11D3-BF4B-00C04F79EFBC}") = "товары", "товары\товары.csproj", "{FBF9CD6E-1414-4CE6-B2F6-2A2A5BFFD7F9}"
EndProject
Global
	GlobalSection(SolutionConfigurationPlatforms) = preSolution
		Debug|Any CPU = Debug|Any CPU
		Release|Any CPU = Release|Any CPU
	EndGlobalSection
	GlobalSection(ProjectConfigurationPlatforms) = postSolution
		{FBF9CD6E-1414-4CE6-B2F6-2A2A5BFFD7F9}.Debug|Any CPU.ActiveCfg = Debug|Any CPU
		{FBF9CD6E-1414-4CE6-B2F6-2A2A5BFFD7F9}.Debug|Any CPU.Build.0 = Debug|Any CPU
		{FBF9CD6E-1414-4CE6-B2F6-2A2A5BFFD7F9}.Release|Any CPU.ActiveCfg = Release|Any CPU
		{FBF9CD6E-1414-4CE6-B2F6-2A2A5BFFD7F9}.Release|Any CPU.Build.0 = Release|Any CPU
	EndGlobalSection
	GlobalSection(SolutionProperties) = preSolution
		HideSolutionNode = FALSE
	EndGlobalSection
	GlobalSection(ExtensibilityGlobals) = postSolution
		SolutionGuid = {D48B3FA2-614D-472A-AD7E-A31E9E32E219}
	EndGlobalSection
EndGlobal
